
Microsoft Visual Studio Solution File, Format Version 12.00
# Visual Studio 2012
Project("{FAE04EC0-301F-11D3-BF4B-00C04F79EFBC}") = "grid_fun", "grid_fun\grid_fun.csproj", "{B015BF19-255C-4481-9717-A6FFD7890B68}"
EndProject
Project("{FAE04EC0-301F-11D3-BF4B-00C04F79EFBC}") = "grid_fun_tests", "grid_fun_tests\grid_fun_tests.csproj", "{9DA612F5-5990-4595-85E4-7E8356A16BFD}"
EndProject
Global
	GlobalSection(SolutionConfigurationPlatforms) = preSolution
		Debug|Any CPU = Debug|Any CPU
		Release|Any CPU = Release|Any CPU
	EndGlobalSection
	GlobalSection(ProjectConfigurationPlatforms) = postSolution
		{B015BF19-255C-4481-9717-A6FFD7890B68}.Debug|Any CPU.ActiveCfg = Debug|Any CPU
		{B015BF19-255C-4481-9717-A6FFD7890B68}.Debug|Any CPU.Build.0 = Debug|Any CPU
		{B015BF19-255C-4481-9717-A6FFD7890B68}.Release|Any CPU.ActiveCfg = Release|Any CPU
		{B015BF19-255C-4481-9717-A6FFD7890B68}.Release|Any CPU.Build.0 = Release|Any CPU
		{9DA612F5-5990-4595-85E4-7E8356A16BFD}.Debug|Any CPU.ActiveCfg = Debug|Any CPU
		{9DA612F5-5990-4595-85E4-7E8356A16BFD}.Debug|Any CPU.Build.0 = Debug|Any CPU
		{9DA612F5-5990-4595-85E4-7E8356A16BFD}.Release|Any CPU.ActiveCfg = Release|Any CPU
		{9DA612F5-5990-4595-85E4-7E8356A16BFD}.Release|Any CPU.Build.0 = Release|Any CPU
	EndGlobalSection
EndGlobal
